
Microsoft Visual Studio Solution File, Format Version 12.00
# Visual Studio Version 17
VisualStudioVersion = 17.3.32929.385
MinimumVisualStudioVersion = 10.0.40219.1
Project("{FAE04EC0-301F-11D3-BF4B-00C04F79EFBC}") = "nesne_tabanlı_programlama_odev2", "nesne_tabanlı_programlama_odev2\nesne_tabanlı_programlama_odev2.csproj", "{FBA5641B-44A5-4D4F-82B8-5D4B8AF8DDD1}"
EndProject
Global
	GlobalSection(SolutionConfigurationPlatforms) = preSolution
		Debug|Any CPU = Debug|Any CPU
		Release|Any CPU = Release|Any CPU
	EndGlobalSection
	GlobalSection(ProjectConfigurationPlatforms) = postSolution
		{FBA5641B-44A5-4D4F-82B8-5D4B8AF8DDD1}.Debug|Any CPU.ActiveCfg = Debug|Any CPU
		{FBA5641B-44A5-4D4F-82B8-5D4B8AF8DDD1}.Debug|Any CPU.Build.0 = Debug|Any CPU
		{FBA5641B-44A5-4D4F-82B8-5D4B8AF8DDD1}.Release|Any CPU.ActiveCfg = Release|Any CPU
		{FBA5641B-44A5-4D4F-82B8-5D4B8AF8DDD1}.Release|Any CPU.Build.0 = Release|Any CPU
	EndGlobalSection
	GlobalSection(SolutionProperties) = preSolution
		HideSolutionNode = FALSE
	EndGlobalSection
	GlobalSection(ExtensibilityGlobals) = postSolution
		SolutionGuid = {94945AC8-5BE8-4F33-9FB3-80314FF06958}
	EndGlobalSection
EndGlobal
